<?xml version="1.0" encoding="utf-8"?>
<Project ToolsVersion="4.0" xmlns="http://schemas.microsoft.com/developer/msbuild/2003">
  <ItemGroup>
    <Filter Include="Archivos de origen">
      <UniqueIdentifier>{4FC737F1-C7A5-4376-A066-2A32D752A2FF}</UniqueIdentifier>
      <Extensions>cpp;c;cc;cxx;def;odl;idl;hpj;bat;asm;asmx</Extensions>
    </Filter>
    <Filter Include="Archivos de encabezado">
      <UniqueIdentifier>{93995380-89BD-4b04-88EB-625FBE52EBFB}</UniqueIdentifier>
      <Extensions>h;hh;hpp;hxx;hm;inl;inc;ipp;xsd</Extensions>
    </Filter>
    <Filter Include="Archivos de recursos">
      <UniqueIdentifier>{67DA6AB6-F800-4c08-8B7A-83BB121AAD01}</UniqueIdentifier>
      <Extensions>rc;ico;cur;bmp;dlg;rc2;rct;bin;rgs;gif;jpg;jpeg;jpe;resx;tiff;tif;png;wav;mfcribbon-ms</Extensions>
    </Filter>
    <Filter Include="Modelo">
      <UniqueIdentifier>{96abf5b2-da38-40a9-b696-caa49f6f714c}</UniqueIdentifier>
    </Filter>
    <Filter Include="Controlador">
      <UniqueIdentifier>{88f92c26-c50b-4c5d-a099-9428a2300c4e}</UniqueIdentifier>
    </Filter>
    <Filter Include="Scrabble">
      <UniqueIdentifier>{a72bfb21-230c-463e-9288-4dca6551f801}</UniqueIdentifier>
    </Filter>
  </ItemGroup>
  <ItemGroup>
    <ClCompile Include="EDD_1S2020_PY1_201801237.cpp">
      <Filter>Archivos de origen</Filter>
    </ClCompile>
    <ClCompile Include="Diccionario.cpp">
      <Filter>Modelo</Filter>
    </ClCompile>
    <ClCompile Include="Ficha.cpp">
      <Filter>Modelo</Filter>
    </ClCompile>
    <ClCompile Include="FichaJugador.cpp">
      <Filter>Modelo</Filter>
    </ClCompile>
    <ClCompile Include="Jugador.cpp">
      <Filter>Modelo</Filter>
    </ClCompile>
    <ClCompile Include="TableroPuntuacion.cpp">
      <Filter>Modelo</Filter>
    </ClCompile>
    <ClCompile Include="Scrabble.cpp">
      <Filter>Modelo</Filter>
    </ClCompile>
    <ClCompile Include="DiccionarioLDC.cpp">
      <Filter>Controlador</Filter>
    </ClCompile>
    <ClCompile Include="FichaCola.cpp">
      <Filter>Controlador</Filter>
    </ClCompile>
    <ClCompile Include="FichaJugadorLD.cpp">
      <Filter>Controlador</Filter>
    </ClCompile>
    <ClCompile Include="ScrabbleMD.cpp">
      <Filter>Controlador</Filter>
    </ClCompile>
    <ClCompile Include="TableroPuntuacionLS.cpp">
      <Filter>Controlador</Filter>
    </ClCompile>
    <ClCompile Include="Menu.cpp">
      <Filter>Scrabble</Filter>
    </ClCompile>
    <ClCompile Include="LecturaJSON.cpp">
      <Filter>Scrabble</Filter>
    </ClCompile>
    <ClCompile Include="Apartado.cpp">
      <Filter>Modelo</Filter>
    </ClCompile>
    <ClCompile Include="ApartadoLD.cpp">
      <Filter>Controlador</Filter>
    </ClCompile>
    <ClCompile Include="JugadorAB.cpp">
      <Filter>Controlador</Filter>
    </ClCompile>
  </ItemGroup>
  <ItemGroup>
    <ClInclude Include="Diccionario.h">
      <Filter>Archivos de encabezado</Filter>
    </ClInclude>
    <ClInclude Include="Ficha.h">
      <Filter>Archivos de encabezado</Filter>
    </ClInclude>
    <ClInclude Include="FichaJugador.h">
      <Filter>Archivos de encabezado</Filter>
    </ClInclude>
    <ClInclude Include="Jugador.h">
      <Filter>Archivos de encabezado</Filter>
    </ClInclude>
    <ClInclude Include="TableroPuntuacion.h">
      <Filter>Archivos de encabezado</Filter>
    </ClInclude>
    <ClInclude Include="Scrabble.h">
      <Filter>Archivos de encabezado</Filter>
    </ClInclude>
    <ClInclude Include="DiccionarioLDC.h">
      <Filter>Archivos de encabezado</Filter>
    </ClInclude>
    <ClInclude Include="FichaCola.h">
      <Filter>Archivos de encabezado</Filter>
    </ClInclude>
    <ClInclude Include="FichaJugadorLD.h">
      <Filter>Archivos de encabezado</Filter>
    </ClInclude>
    <ClInclude Include="ScrabbleMD.h">
      <Filter>Archivos de encabezado</Filter>
    </ClInclude>
    <ClInclude Include="TableroPuntuacionLS.h">
      <Filter>Archivos de encabezado</Filter>
    </ClInclude>
    <ClInclude Include="Menu.h">
      <Filter>Archivos de encabezado</Filter>
    </ClInclude>
    <ClInclude Include="ModernJSON.h">
      <Filter>Archivos de encabezado</Filter>
    </ClInclude>
    <ClInclude Include="LecturaJSON.h">
      <Filter>Archivos de encabezado</Filter>
    </ClInclude>
    <ClInclude Include="Apartado.h">
      <Filter>Archivos de encabezado</Filter>
    </ClInclude>
    <ClInclude Include="ApartadoLD.h">
      <Filter>Archivos de encabezado</Filter>
    </ClInclude>
    <ClInclude Include="JugadorAB.h">
      <Filter>Archivos de encabezado</Filter>
    </ClInclude>
  </ItemGroup>
</Project>